
Microsoft Visual Studio Solution File, Format Version 12.00
# Visual Studio Version 17
VisualStudioVersion = 17.3.32825.248
MinimumVisualStudioVersion = 10.0.40219.1
Project("{FAE04EC0-301F-11D3-BF4B-00C04F79EFBC}") = "MaximunValue", "MaximunValue.csproj", "{F3B823B3-1336-4D97-8D7A-EF597DC41460}"
EndProject
Global
	GlobalSection(SolutionConfigurationPlatforms) = preSolution
		Debug|Any CPU = Debug|Any CPU
		Release|Any CPU = Release|Any CPU
	EndGlobalSection
	GlobalSection(ProjectConfigurationPlatforms) = postSolution
		{F3B823B3-1336-4D97-8D7A-EF597DC41460}.Debug|Any CPU.ActiveCfg = Debug|Any CPU
		{F3B823B3-1336-4D97-8D7A-EF597DC41460}.Debug|Any CPU.Build.0 = Debug|Any CPU
		{F3B823B3-1336-4D97-8D7A-EF597DC41460}.Release|Any CPU.ActiveCfg = Release|Any CPU
		{F3B823B3-1336-4D97-8D7A-EF597DC41460}.Release|Any CPU.Build.0 = Release|Any CPU
	EndGlobalSection
	GlobalSection(SolutionProperties) = preSolution
		HideSolutionNode = FALSE
	EndGlobalSection
	GlobalSection(ExtensibilityGlobals) = postSolution
		SolutionGuid = {497BD918-E1A7-424E-A589-348117F8DF94}
	EndGlobalSection
EndGlobal
